
Microsoft Visual Studio Solution File, Format Version 12.00
# Visual Studio Version 17
VisualStudioVersion = 17.11.35327.3
MinimumVisualStudioVersion = 10.0.40219.1
Project("{FAE04EC0-301F-11D3-BF4B-00C04F79EFBC}") = "WebApiTarea", "WebApiTarea\WebApiTarea.csproj", "{853123FF-B2EF-4BF8-8963-BADEF68292C2}"
EndProject
Global
	GlobalSection(SolutionConfigurationPlatforms) = preSolution
		Debug|Any CPU = Debug|Any CPU
		Release|Any CPU = Release|Any CPU
	EndGlobalSection
	GlobalSection(ProjectConfigurationPlatforms) = postSolution
		{853123FF-B2EF-4BF8-8963-BADEF68292C2}.Debug|Any CPU.ActiveCfg = Debug|Any CPU
		{853123FF-B2EF-4BF8-8963-BADEF68292C2}.Debug|Any CPU.Build.0 = Debug|Any CPU
		{853123FF-B2EF-4BF8-8963-BADEF68292C2}.Release|Any CPU.ActiveCfg = Release|Any CPU
		{853123FF-B2EF-4BF8-8963-BADEF68292C2}.Release|Any CPU.Build.0 = Release|Any CPU
	EndGlobalSection
	GlobalSection(SolutionProperties) = preSolution
		HideSolutionNode = FALSE
	EndGlobalSection
	GlobalSection(ExtensibilityGlobals) = postSolution
		SolutionGuid = {5AAA8EDE-27E0-4056-B984-FAE2385D6535}
	EndGlobalSection
EndGlobal
